
Microsoft Visual Studio Solution File, Format Version 12.00
# Visual Studio Version 17
VisualStudioVersion = 17.12.35527.113 d17.12
MinimumVisualStudioVersion = 10.0.40219.1
Project("{FAE04EC0-301F-11D3-BF4B-00C04F79EFBC}") = "Api", "Api\Api.csproj", "{941CDD36-EF86-4144-BB1A-A892CD3C7A92}"
EndProject
Project("{FAE04EC0-301F-11D3-BF4B-00C04F79EFBC}") = "BlazorWasm", "BlazorWasm\BlazorWasm.csproj", "{1FBD7639-6814-4A5A-83F3-0B710CA6EA98}"
EndProject
Global
	GlobalSection(SolutionConfigurationPlatforms) = preSolution
		Debug|Any CPU = Debug|Any CPU
		Release|Any CPU = Release|Any CPU
	EndGlobalSection
	GlobalSection(ProjectConfigurationPlatforms) = postSolution
		{941CDD36-EF86-4144-BB1A-A892CD3C7A92}.Debug|Any CPU.ActiveCfg = Debug|Any CPU
		{941CDD36-EF86-4144-BB1A-A892CD3C7A92}.Debug|Any CPU.Build.0 = Debug|Any CPU
		{941CDD36-EF86-4144-BB1A-A892CD3C7A92}.Release|Any CPU.ActiveCfg = Release|Any CPU
		{941CDD36-EF86-4144-BB1A-A892CD3C7A92}.Release|Any CPU.Build.0 = Release|Any CPU
		{1FBD7639-6814-4A5A-83F3-0B710CA6EA98}.Debug|Any CPU.ActiveCfg = Debug|Any CPU
		{1FBD7639-6814-4A5A-83F3-0B710CA6EA98}.Debug|Any CPU.Build.0 = Debug|Any CPU
		{1FBD7639-6814-4A5A-83F3-0B710CA6EA98}.Release|Any CPU.ActiveCfg = Release|Any CPU
		{1FBD7639-6814-4A5A-83F3-0B710CA6EA98}.Release|Any CPU.Build.0 = Release|Any CPU
	EndGlobalSection
	GlobalSection(SolutionProperties) = preSolution
		HideSolutionNode = FALSE
	EndGlobalSection
EndGlobal
